
Microsoft Visual Studio Solution File, Format Version 12.00
# Visual Studio Version 16
VisualStudioVersion = 16.0.30611.23
MinimumVisualStudioVersion = 10.0.40219.1
Project("{FAE04EC0-301F-11D3-BF4B-00C04F79EFBC}") = "6_A", "6_A.csproj", "{FE394D41-208A-4D58-A365-D41023272247}"
EndProject
Global
	GlobalSection(SolutionConfigurationPlatforms) = preSolution
		Debug|Any CPU = Debug|Any CPU
		Release|Any CPU = Release|Any CPU
	EndGlobalSection
	GlobalSection(ProjectConfigurationPlatforms) = postSolution
		{FE394D41-208A-4D58-A365-D41023272247}.Debug|Any CPU.ActiveCfg = Debug|Any CPU
		{FE394D41-208A-4D58-A365-D41023272247}.Debug|Any CPU.Build.0 = Debug|Any CPU
		{FE394D41-208A-4D58-A365-D41023272247}.Release|Any CPU.ActiveCfg = Release|Any CPU
		{FE394D41-208A-4D58-A365-D41023272247}.Release|Any CPU.Build.0 = Release|Any CPU
	EndGlobalSection
	GlobalSection(SolutionProperties) = preSolution
		HideSolutionNode = FALSE
	EndGlobalSection
	GlobalSection(ExtensibilityGlobals) = postSolution
		SolutionGuid = {6763F1B5-D83F-44F6-A020-7879812FBC51}
	EndGlobalSection
EndGlobal
