
Microsoft Visual Studio Solution File, Format Version 12.00
# Visual Studio Version 16
VisualStudioVersion = 16.0.30523.141
MinimumVisualStudioVersion = 10.0.40219.1
Project("{F184B08F-C81C-45F6-A57F-5ABD9991F28F}") = "1_A_VBNet", "1_A_VBNet.vbproj", "{F27BC12A-8DF8-4D22-873B-2E528E566E97}"
EndProject
Global
	GlobalSection(SolutionConfigurationPlatforms) = preSolution
		Debug|Any CPU = Debug|Any CPU
		Release|Any CPU = Release|Any CPU
	EndGlobalSection
	GlobalSection(ProjectConfigurationPlatforms) = postSolution
		{F27BC12A-8DF8-4D22-873B-2E528E566E97}.Debug|Any CPU.ActiveCfg = Debug|Any CPU
		{F27BC12A-8DF8-4D22-873B-2E528E566E97}.Debug|Any CPU.Build.0 = Debug|Any CPU
		{F27BC12A-8DF8-4D22-873B-2E528E566E97}.Release|Any CPU.ActiveCfg = Release|Any CPU
		{F27BC12A-8DF8-4D22-873B-2E528E566E97}.Release|Any CPU.Build.0 = Release|Any CPU
	EndGlobalSection
	GlobalSection(SolutionProperties) = preSolution
		HideSolutionNode = FALSE
	EndGlobalSection
	GlobalSection(ExtensibilityGlobals) = postSolution
		SolutionGuid = {2A53ED6F-390F-4D1F-BF2E-28A09617DAC5}
	EndGlobalSection
EndGlobal
