
Microsoft Visual Studio Solution File, Format Version 12.00
# Visual Studio Version 16
VisualStudioVersion = 16.0.30711.63
MinimumVisualStudioVersion = 10.0.40219.1
Project("{FAE04EC0-301F-11D3-BF4B-00C04F79EFBC}") = "15_A", "15_A.csproj", "{6134E435-EC75-4C13-9103-AA949ECC699A}"
EndProject
Global
	GlobalSection(SolutionConfigurationPlatforms) = preSolution
		Debug|Any CPU = Debug|Any CPU
		Release|Any CPU = Release|Any CPU
	EndGlobalSection
	GlobalSection(ProjectConfigurationPlatforms) = postSolution
		{6134E435-EC75-4C13-9103-AA949ECC699A}.Debug|Any CPU.ActiveCfg = Debug|Any CPU
		{6134E435-EC75-4C13-9103-AA949ECC699A}.Debug|Any CPU.Build.0 = Debug|Any CPU
		{6134E435-EC75-4C13-9103-AA949ECC699A}.Release|Any CPU.ActiveCfg = Release|Any CPU
		{6134E435-EC75-4C13-9103-AA949ECC699A}.Release|Any CPU.Build.0 = Release|Any CPU
	EndGlobalSection
	GlobalSection(SolutionProperties) = preSolution
		HideSolutionNode = FALSE
	EndGlobalSection
	GlobalSection(ExtensibilityGlobals) = postSolution
		SolutionGuid = {B245463A-8A1B-4997-B27D-E60CAE8D0328}
	EndGlobalSection
EndGlobal
