
Microsoft Visual Studio Solution File, Format Version 12.00
# Visual Studio Version 16
VisualStudioVersion = 16.0.30621.155
MinimumVisualStudioVersion = 10.0.40219.1
Project("{FAE04EC0-301F-11D3-BF4B-00C04F79EFBC}") = "11_A", "11_A.csproj", "{A9413FBA-DF00-4224-8D79-B1CE674BDB43}"
EndProject
Global
	GlobalSection(SolutionConfigurationPlatforms) = preSolution
		Debug|Any CPU = Debug|Any CPU
		Release|Any CPU = Release|Any CPU
	EndGlobalSection
	GlobalSection(ProjectConfigurationPlatforms) = postSolution
		{A9413FBA-DF00-4224-8D79-B1CE674BDB43}.Debug|Any CPU.ActiveCfg = Debug|Any CPU
		{A9413FBA-DF00-4224-8D79-B1CE674BDB43}.Debug|Any CPU.Build.0 = Debug|Any CPU
		{A9413FBA-DF00-4224-8D79-B1CE674BDB43}.Release|Any CPU.ActiveCfg = Release|Any CPU
		{A9413FBA-DF00-4224-8D79-B1CE674BDB43}.Release|Any CPU.Build.0 = Release|Any CPU
	EndGlobalSection
	GlobalSection(SolutionProperties) = preSolution
		HideSolutionNode = FALSE
	EndGlobalSection
	GlobalSection(ExtensibilityGlobals) = postSolution
		SolutionGuid = {F2273A22-B093-45B0-B70A-A90E431028E0}
	EndGlobalSection
EndGlobal
