
Microsoft Visual Studio Solution File, Format Version 12.00
# Visual Studio Version 16
VisualStudioVersion = 16.0.30611.23
MinimumVisualStudioVersion = 10.0.40219.1
Project("{FAE04EC0-301F-11D3-BF4B-00C04F79EFBC}") = "CSVReaderPersiani", "CSVReaderPersiani.csproj", "{A0C503C5-9FD8-47E0-8A38-8DE1FD217C21}"
EndProject
Global
	GlobalSection(SolutionConfigurationPlatforms) = preSolution
		Debug|Any CPU = Debug|Any CPU
		Release|Any CPU = Release|Any CPU
	EndGlobalSection
	GlobalSection(ProjectConfigurationPlatforms) = postSolution
		{A0C503C5-9FD8-47E0-8A38-8DE1FD217C21}.Debug|Any CPU.ActiveCfg = Debug|Any CPU
		{A0C503C5-9FD8-47E0-8A38-8DE1FD217C21}.Debug|Any CPU.Build.0 = Debug|Any CPU
		{A0C503C5-9FD8-47E0-8A38-8DE1FD217C21}.Release|Any CPU.ActiveCfg = Release|Any CPU
		{A0C503C5-9FD8-47E0-8A38-8DE1FD217C21}.Release|Any CPU.Build.0 = Release|Any CPU
	EndGlobalSection
	GlobalSection(SolutionProperties) = preSolution
		HideSolutionNode = FALSE
	EndGlobalSection
	GlobalSection(ExtensibilityGlobals) = postSolution
		SolutionGuid = {AF3A5D08-AAE5-45DE-9734-E911C2F275A2}
	EndGlobalSection
EndGlobal
