
Microsoft Visual Studio Solution File, Format Version 12.00
# Visual Studio Version 16
VisualStudioVersion = 16.0.30611.23
MinimumVisualStudioVersion = 10.0.40219.1
Project("{FAE04EC0-301F-11D3-BF4B-00C04F79EFBC}") = "5_A", "5_A.csproj", "{308F9F35-FD8E-4937-A9E5-66E0ED341627}"
EndProject
Global
	GlobalSection(SolutionConfigurationPlatforms) = preSolution
		Debug|Any CPU = Debug|Any CPU
		Release|Any CPU = Release|Any CPU
	EndGlobalSection
	GlobalSection(ProjectConfigurationPlatforms) = postSolution
		{308F9F35-FD8E-4937-A9E5-66E0ED341627}.Debug|Any CPU.ActiveCfg = Debug|Any CPU
		{308F9F35-FD8E-4937-A9E5-66E0ED341627}.Debug|Any CPU.Build.0 = Debug|Any CPU
		{308F9F35-FD8E-4937-A9E5-66E0ED341627}.Release|Any CPU.ActiveCfg = Release|Any CPU
		{308F9F35-FD8E-4937-A9E5-66E0ED341627}.Release|Any CPU.Build.0 = Release|Any CPU
	EndGlobalSection
	GlobalSection(SolutionProperties) = preSolution
		HideSolutionNode = FALSE
	EndGlobalSection
	GlobalSection(ExtensibilityGlobals) = postSolution
		SolutionGuid = {709E5DC0-A580-4F91-B567-19AF685C4FDD}
	EndGlobalSection
EndGlobal
