
Microsoft Visual Studio Solution File, Format Version 12.00
# Visual Studio Version 16
VisualStudioVersion = 16.0.30621.155
MinimumVisualStudioVersion = 10.0.40219.1
Project("{FAE04EC0-301F-11D3-BF4B-00C04F79EFBC}") = "TestProjConsole", "TestProjConsole.csproj", "{10025E75-6CA2-47F5-BAF8-65C3ECD6AEC9}"
EndProject
Global
	GlobalSection(SolutionConfigurationPlatforms) = preSolution
		Debug|Any CPU = Debug|Any CPU
		Release|Any CPU = Release|Any CPU
	EndGlobalSection
	GlobalSection(ProjectConfigurationPlatforms) = postSolution
		{10025E75-6CA2-47F5-BAF8-65C3ECD6AEC9}.Debug|Any CPU.ActiveCfg = Debug|Any CPU
		{10025E75-6CA2-47F5-BAF8-65C3ECD6AEC9}.Debug|Any CPU.Build.0 = Debug|Any CPU
		{10025E75-6CA2-47F5-BAF8-65C3ECD6AEC9}.Release|Any CPU.ActiveCfg = Release|Any CPU
		{10025E75-6CA2-47F5-BAF8-65C3ECD6AEC9}.Release|Any CPU.Build.0 = Release|Any CPU
	EndGlobalSection
	GlobalSection(SolutionProperties) = preSolution
		HideSolutionNode = FALSE
	EndGlobalSection
	GlobalSection(ExtensibilityGlobals) = postSolution
		SolutionGuid = {0C425D56-B5F2-4DB7-A181-7D79A64384E7}
	EndGlobalSection
EndGlobal
